
Microsoft Visual Studio Solution File, Format Version 12.00
# Visual Studio Version 16
VisualStudioVersion = 16.0.31515.178
MinimumVisualStudioVersion = 10.0.40219.1
Project("{9A19103F-16F7-4668-BE54-9A1E7A4F7556}") = "Snake", "Snake\Snake.csproj", "{959D4EE9-9E4C-4605-90AB-90D1CE7E602D}"
EndProject
Project("{FAE04EC0-301F-11D3-BF4B-00C04F79EFBC}") = "SnakePlus", "SnakePlus\SnakePlus.csproj", "{0435907E-0C98-463D-9904-A31BCD6EEA29}"
EndProject
Global
	GlobalSection(SolutionConfigurationPlatforms) = preSolution
		Debug|Any CPU = Debug|Any CPU
		Release|Any CPU = Release|Any CPU
	EndGlobalSection
	GlobalSection(ProjectConfigurationPlatforms) = postSolution
		{959D4EE9-9E4C-4605-90AB-90D1CE7E602D}.Debug|Any CPU.ActiveCfg = Debug|Any CPU
		{959D4EE9-9E4C-4605-90AB-90D1CE7E602D}.Debug|Any CPU.Build.0 = Debug|Any CPU
		{959D4EE9-9E4C-4605-90AB-90D1CE7E602D}.Release|Any CPU.ActiveCfg = Release|Any CPU
		{959D4EE9-9E4C-4605-90AB-90D1CE7E602D}.Release|Any CPU.Build.0 = Release|Any CPU
		{0435907E-0C98-463D-9904-A31BCD6EEA29}.Debug|Any CPU.ActiveCfg = Debug|Any CPU
		{0435907E-0C98-463D-9904-A31BCD6EEA29}.Debug|Any CPU.Build.0 = Debug|Any CPU
		{0435907E-0C98-463D-9904-A31BCD6EEA29}.Release|Any CPU.ActiveCfg = Release|Any CPU
		{0435907E-0C98-463D-9904-A31BCD6EEA29}.Release|Any CPU.Build.0 = Release|Any CPU
	EndGlobalSection
	GlobalSection(SolutionProperties) = preSolution
		HideSolutionNode = FALSE
	EndGlobalSection
	GlobalSection(ExtensibilityGlobals) = postSolution
		SolutionGuid = {4229368A-7372-492F-908A-9D0B9372BE12}
	EndGlobalSection
EndGlobal
